Microsoft Visual Studio Solution File, Format Version 12.00
# Visual Studio 2013
VisualStudioVersion = 12.0.31101.0
MinimumVisualStudioVersion = 10.0.40219.1
Project("{8BC9CEB8-8B4A-11D0-8D11-00A0C91BC942}") = "twgui", "twgui\twgui.vcxproj", "{1361B0B6-DEED-3BD1-842A-D6471EA74D5B}"
	ProjectSection(ProjectDependencies) = postProject
		{2A5484DB-9E49-390B-9044-E83337C51EE4} = {2A5484DB-9E49-390B-9044-E83337C51EE4}
	EndProjectSection
EndProject
Project("{8BC9CEB8-8B4A-11D0-8D11-00A0C91BC942}") = "twbase", "twbase\twbase.vcxproj", "{2A5484DB-9E49-390B-9044-E83337C51EE4}"
EndProject
Project("{8BC9CEB8-8B4A-11D0-8D11-00A0C91BC942}") = "uidemo", "uidemo\uidemo.vcxproj", "{0A119AAD-D143-38F9-A898-F533B7D9B88A}"
	ProjectSection(ProjectDependencies) = postProject
		{2A5484DB-9E49-390B-9044-E83337C51EE4} = {2A5484DB-9E49-390B-9044-E83337C51EE4}
		{1361B0B6-DEED-3BD1-842A-D6471EA74D5B} = {1361B0B6-DEED-3BD1-842A-D6471EA74D5B}
	EndProjectSection
EndProject
Project("{8BC9CEB8-8B4A-11D0-8D11-00A0C91BC942}") = "twimg", "twimg\twimg.vcxproj", "{FF6CA3CE-4B36-3316-B724-83828655CACE}"
EndProject
Global
	GlobalSection(SolutionConfigurationPlatforms) = preSolution
		Debug|Win32 = Debug|Win32
		Release|Win32 = Release|Win32
	EndGlobalSection
	GlobalSection(ProjectConfigurationPlatforms) = postSolution
		{1361B0B6-DEED-3BD1-842A-D6471EA74D5B}.Debug|Win32.ActiveCfg = Debug|Win32
		{1361B0B6-DEED-3BD1-842A-D6471EA74D5B}.Debug|Win32.Build.0 = Debug|Win32
		{1361B0B6-DEED-3BD1-842A-D6471EA74D5B}.Release|Win32.ActiveCfg = Release|Win32
		{1361B0B6-DEED-3BD1-842A-D6471EA74D5B}.Release|Win32.Build.0 = Release|Win32
		{2A5484DB-9E49-390B-9044-E83337C51EE4}.Debug|Win32.ActiveCfg = Debug|Win32
		{2A5484DB-9E49-390B-9044-E83337C51EE4}.Debug|Win32.Build.0 = Debug|Win32
		{2A5484DB-9E49-390B-9044-E83337C51EE4}.Release|Win32.ActiveCfg = Release|Win32
		{2A5484DB-9E49-390B-9044-E83337C51EE4}.Release|Win32.Build.0 = Release|Win32
		{0A119AAD-D143-38F9-A898-F533B7D9B88A}.Debug|Win32.ActiveCfg = Debug|Win32
		{0A119AAD-D143-38F9-A898-F533B7D9B88A}.Debug|Win32.Build.0 = Debug|Win32
		{0A119AAD-D143-38F9-A898-F533B7D9B88A}.Release|Win32.ActiveCfg = Release|Win32
		{0A119AAD-D143-38F9-A898-F533B7D9B88A}.Release|Win32.Build.0 = Release|Win32
		{FF6CA3CE-4B36-3316-B724-83828655CACE}.Debug|Win32.ActiveCfg = Debug|Win32
		{FF6CA3CE-4B36-3316-B724-83828655CACE}.Debug|Win32.Build.0 = Debug|Win32
		{FF6CA3CE-4B36-3316-B724-83828655CACE}.Release|Win32.ActiveCfg = Release|Win32
		{FF6CA3CE-4B36-3316-B724-83828655CACE}.Release|Win32.Build.0 = Release|Win32
	EndGlobalSection
	GlobalSection(SolutionProperties) = preSolution
		HideSolutionNode = FALSE
	EndGlobalSection
EndGlobal
